
Microsoft Visual Studio Solution File, Format Version 12.00
# Visual Studio 15
VisualStudioVersion = 15.0.26430.16
MinimumVisualStudioVersion = 10.0.40219.1
Project("{E24C65DC-7377-472B-9ABA-BC803B73C61A}") = "WebSite1(1)", "WebSite1", "{5111B067-D71E-4B9F-B051-47F6C4C311FA}"
	ProjectSection(WebsiteProperties) = preProject
		TargetFrameworkMoniker = ".NETFramework,Version%3Dv4.5.2"
		ProjectReferences = "{809a23c8-e1e2-4897-b772-e398046ebd12}|Model.dll;{8b451a28-c947-4f23-b188-cdeb4427210d}|Negocio.dll;"
		Debug.AspNetCompiler.VirtualPath = "/localhost_51590"
		Debug.AspNetCompiler.PhysicalPath = "WebSite1\"
		Debug.AspNetCompiler.TargetPath = "PrecompiledWeb\localhost_51590\"
		Debug.AspNetCompiler.Updateable = "true"
		Debug.AspNetCompiler.ForceOverwrite = "true"
		Debug.AspNetCompiler.FixedNames = "false"
		Debug.AspNetCompiler.Debug = "True"
		Release.AspNetCompiler.VirtualPath = "/localhost_51590"
		Release.AspNetCompiler.PhysicalPath = "WebSite1\"
		Release.AspNetCompiler.TargetPath = "PrecompiledWeb\localhost_51590\"
		Release.AspNetCompiler.Updateable = "true"
		Release.AspNetCompiler.ForceOverwrite = "true"
		Release.AspNetCompiler.FixedNames = "false"
		Release.AspNetCompiler.Debug = "False"
		VWDPort = "51590"
		SlnRelativePath = "WebSite1\"
		DefaultWebSiteLanguage = "Visual C#"
	EndProjectSection
EndProject
Project("{FAE04EC0-301F-11D3-BF4B-00C04F79EFBC}") = "Business", "Negocio\Business.csproj", "{8B451A28-C947-4F23-B188-CDEB4427210D}"
EndProject
Project("{FAE04EC0-301F-11D3-BF4B-00C04F79EFBC}") = "Model", "Model\Model.csproj", "{809A23C8-E1E2-4897-B772-E398046EBD12}"
EndProject
Global
	GlobalSection(SolutionConfigurationPlatforms) = preSolution
		Debug|Any CPU = Debug|Any CPU
		Release|Any CPU = Release|Any CPU
	EndGlobalSection
	GlobalSection(ProjectConfigurationPlatforms) = postSolution
		{5111B067-D71E-4B9F-B051-47F6C4C311FA}.Debug|Any CPU.ActiveCfg = Debug|Any CPU
		{5111B067-D71E-4B9F-B051-47F6C4C311FA}.Debug|Any CPU.Build.0 = Debug|Any CPU
		{5111B067-D71E-4B9F-B051-47F6C4C311FA}.Release|Any CPU.ActiveCfg = Debug|Any CPU
		{5111B067-D71E-4B9F-B051-47F6C4C311FA}.Release|Any CPU.Build.0 = Debug|Any CPU
		{8B451A28-C947-4F23-B188-CDEB4427210D}.Debug|Any CPU.ActiveCfg = Debug|Any CPU
		{8B451A28-C947-4F23-B188-CDEB4427210D}.Debug|Any CPU.Build.0 = Debug|Any CPU
		{8B451A28-C947-4F23-B188-CDEB4427210D}.Release|Any CPU.ActiveCfg = Release|Any CPU
		{8B451A28-C947-4F23-B188-CDEB4427210D}.Release|Any CPU.Build.0 = Release|Any CPU
		{809A23C8-E1E2-4897-B772-E398046EBD12}.Debug|Any CPU.ActiveCfg = Debug|Any CPU
		{809A23C8-E1E2-4897-B772-E398046EBD12}.Debug|Any CPU.Build.0 = Debug|Any CPU
		{809A23C8-E1E2-4897-B772-E398046EBD12}.Release|Any CPU.ActiveCfg = Release|Any CPU
		{809A23C8-E1E2-4897-B772-E398046EBD12}.Release|Any CPU.Build.0 = Release|Any CPU
	EndGlobalSection
	GlobalSection(SolutionProperties) = preSolution
		HideSolutionNode = FALSE
	EndGlobalSection
EndGlobal
